
Microsoft Visual Studio Solution File, Format Version 12.00
# Visual Studio Version 17
VisualStudioVersion = 17.5.33424.131
MinimumVisualStudioVersion = 10.0.40219.1
Project("{FAE04EC0-301F-11D3-BF4B-00C04F79EFBC}") = "azureaisolution", "azureaisolution.csproj", "{202E708A-A4B1-45FD-ADC3-0D03BFFC5A50}"
EndProject
Global
	GlobalSection(SolutionConfigurationPlatforms) = preSolution
		Debug|Any CPU = Debug|Any CPU
		Release|Any CPU = Release|Any CPU
	EndGlobalSection
	GlobalSection(ProjectConfigurationPlatforms) = postSolution
		{202E708A-A4B1-45FD-ADC3-0D03BFFC5A50}.Debug|Any CPU.ActiveCfg = Debug|Any CPU
		{202E708A-A4B1-45FD-ADC3-0D03BFFC5A50}.Debug|Any CPU.Build.0 = Debug|Any CPU
		{202E708A-A4B1-45FD-ADC3-0D03BFFC5A50}.Release|Any CPU.ActiveCfg = Release|Any CPU
		{202E708A-A4B1-45FD-ADC3-0D03BFFC5A50}.Release|Any CPU.Build.0 = Release|Any CPU
	EndGlobalSection
	GlobalSection(SolutionProperties) = preSolution
		HideSolutionNode = FALSE
	EndGlobalSection
	GlobalSection(ExtensibilityGlobals) = postSolution
		SolutionGuid = {39257960-CB66-4936-9EAF-3DBD0469DAEB}
	EndGlobalSection
EndGlobal
